
Microsoft Visual Studio Solution File, Format Version 12.00
# Visual Studio 2012
Project("{FAE04EC0-301F-11D3-BF4B-00C04F79EFBC}") = "UnityVS.ActionGameProject.CSharp", "UnityVS.ActionGameProject.CSharp.csproj", "{F3EF2364-4E4A-0577-CD69-B9C0A2C7A258}"
EndProject
Project("{FAE04EC0-301F-11D3-BF4B-00C04F79EFBC}") = "UnityVS.ActionGameProject.CSharp.Editor", "UnityVS.ActionGameProject.CSharp.Editor.csproj", "{CAA77D6B-9BE4-17E8-E8BE-8F8689864524}"
EndProject
Global
	GlobalSection(SolutionConfigurationPlatforms) = preSolution
		Debug|Any CPU = Debug|Any CPU
		Release|Any CPU = Release|Any CPU
	EndGlobalSection
	GlobalSection(ProjectConfigurationPlatforms) = postSolution
		{F3EF2364-4E4A-0577-CD69-B9C0A2C7A258}.Debug|Any CPU.ActiveCfg = Debug|Any CPU
		{F3EF2364-4E4A-0577-CD69-B9C0A2C7A258}.Debug|Any CPU.Build.0 = Debug|Any CPU
		{F3EF2364-4E4A-0577-CD69-B9C0A2C7A258}.Release|Any CPU.ActiveCfg = Release|Any CPU
		{F3EF2364-4E4A-0577-CD69-B9C0A2C7A258}.Release|Any CPU.Build.0 = Release|Any CPU
		{CAA77D6B-9BE4-17E8-E8BE-8F8689864524}.Debug|Any CPU.ActiveCfg = Debug|Any CPU
		{CAA77D6B-9BE4-17E8-E8BE-8F8689864524}.Debug|Any CPU.Build.0 = Debug|Any CPU
		{CAA77D6B-9BE4-17E8-E8BE-8F8689864524}.Release|Any CPU.ActiveCfg = Release|Any CPU
		{CAA77D6B-9BE4-17E8-E8BE-8F8689864524}.Release|Any CPU.Build.0 = Release|Any CPU
	EndGlobalSection
	GlobalSection(SolutionProperties) = preSolution
		HideSolutionNode = FALSE
	EndGlobalSection
EndGlobal
